
Microsoft Visual Studio Solution File, Format Version 12.00
# Visual Studio Version 16
VisualStudioVersion = 16.0.28803.156
MinimumVisualStudioVersion = 10.0.40219.1
Project("{9A19103F-16F7-4668-BE54-9A1E7A4F7556}") = "CallChecker", "CallChecker.csproj", "{2CFBE5C3-ED42-43F7-8351-9AACD086FF1C}"
EndProject
Global
	GlobalSection(SolutionConfigurationPlatforms) = preSolution
		Debug|Any CPU = Debug|Any CPU
		Release|Any CPU = Release|Any CPU
	EndGlobalSection
	GlobalSection(ProjectConfigurationPlatforms) = postSolution
		{2CFBE5C3-ED42-43F7-8351-9AACD086FF1C}.Debug|Any CPU.ActiveCfg = Debug|Any CPU
		{2CFBE5C3-ED42-43F7-8351-9AACD086FF1C}.Debug|Any CPU.Build.0 = Debug|Any CPU
		{2CFBE5C3-ED42-43F7-8351-9AACD086FF1C}.Release|Any CPU.ActiveCfg = Release|Any CPU
		{2CFBE5C3-ED42-43F7-8351-9AACD086FF1C}.Release|Any CPU.Build.0 = Release|Any CPU
	EndGlobalSection
	GlobalSection(SolutionProperties) = preSolution
		HideSolutionNode = FALSE
	EndGlobalSection
	GlobalSection(ExtensibilityGlobals) = postSolution
		SolutionGuid = {04792E62-01CF-4DFD-889D-FF579772746C}
	EndGlobalSection
EndGlobal
